
Microsoft Visual Studio Solution File, Format Version 12.00
# Visual Studio 2013
VisualStudioVersion = 12.0.21005.1
MinimumVisualStudioVersion = 10.0.40219.1
Project("{2150E333-8FDC-42A3-9474-1A3956D46DE8}") = ".nuget", ".nuget", "{6D4F0640-E913-4961-862D-286C11FCC123}"
	ProjectSection(SolutionItems) = preProject
		.nuget\NuGet.Config = .nuget\NuGet.Config
		.nuget\NuGet.exe = .nuget\NuGet.exe
		.nuget\NuGet.targets = .nuget\NuGet.targets
	EndProjectSection
EndProject
Project("{2150E333-8FDC-42A3-9474-1A3956D46DE8}") = "Shared Assembly Info", "Shared Assembly Info", "{FF22FCB1-00D1-4E4D-88C9-3AE3040F512B}"
	ProjectSection(SolutionItems) = preProject
		Code\Shared Assembly Info\SharedAssemblyInfo.cs = Code\Shared Assembly Info\SharedAssemblyInfo.cs
	EndProjectSection
EndProject
Project("{FAE04EC0-301F-11D3-BF4B-00C04F79EFBC}") = "SocialMediaConnector", "..\..\..\Downloads\SocialMediaConnector\SocialMediaConnector\SocialMediaConnector\SocialMediaConnector\SocialMediaConnector.csproj", "{3DABFCF9-AD28-49C6-8718-CAF9C5C5E671}"
EndProject
Project("{FAE04EC0-301F-11D3-BF4B-00C04F79EFBC}") = "SocailMediaConnector.Core.Mvc", "Code\SocialMediaConnector.Mvc\SocailMediaConnector.Core.Mvc.csproj", "{02C40D4A-17F3-465B-88D6-64D238A32396}"
EndProject
Project("{FAE04EC0-301F-11D3-BF4B-00C04F79EFBC}") = "SocailMediaConnector.Sample.Mvc", "Samples\SocialMediaConnector.Sample.MvcAuto\SocailMediaConnector.Sample.Mvc.csproj", "{F1AAC5AC-C356-460D-B5FF-097E84301622}"
EndProject
Global
	GlobalSection(SolutionConfigurationPlatforms) = preSolution
		Debug|Any CPU = Debug|Any CPU
		Release|Any CPU = Release|Any CPU
	EndGlobalSection
	GlobalSection(ProjectConfigurationPlatforms) = postSolution
		{3DABFCF9-AD28-49C6-8718-CAF9C5C5E671}.Debug|Any CPU.ActiveCfg = Debug|Any CPU
		{3DABFCF9-AD28-49C6-8718-CAF9C5C5E671}.Debug|Any CPU.Build.0 = Debug|Any CPU
		{3DABFCF9-AD28-49C6-8718-CAF9C5C5E671}.Release|Any CPU.ActiveCfg = Release|Any CPU
		{3DABFCF9-AD28-49C6-8718-CAF9C5C5E671}.Release|Any CPU.Build.0 = Release|Any CPU
		{02C40D4A-17F3-465B-88D6-64D238A32396}.Debug|Any CPU.ActiveCfg = Debug|Any CPU
		{02C40D4A-17F3-465B-88D6-64D238A32396}.Debug|Any CPU.Build.0 = Debug|Any CPU
		{02C40D4A-17F3-465B-88D6-64D238A32396}.Release|Any CPU.ActiveCfg = Release|Any CPU
		{02C40D4A-17F3-465B-88D6-64D238A32396}.Release|Any CPU.Build.0 = Release|Any CPU
		{F1AAC5AC-C356-460D-B5FF-097E84301622}.Debug|Any CPU.ActiveCfg = Debug|Any CPU
		{F1AAC5AC-C356-460D-B5FF-097E84301622}.Debug|Any CPU.Build.0 = Debug|Any CPU
		{F1AAC5AC-C356-460D-B5FF-097E84301622}.Release|Any CPU.ActiveCfg = Release|Any CPU
		{F1AAC5AC-C356-460D-B5FF-097E84301622}.Release|Any CPU.Build.0 = Release|Any CPU
	EndGlobalSection
	GlobalSection(SolutionProperties) = preSolution
		HideSolutionNode = FALSE
	EndGlobalSection
EndGlobal
